// !$*UTF8*$!
{
	archiveVersion = 1;
	classes = {
	};
	objectVersion = 56;
	objects = {

/* Begin PBXBuildFile section */
		A10000010000000000000001 /* GarbageTruckApp.swift in Sources */ = {isa = PBXBuildFile; fileRef = A10000020000000000000001; };
		A10000010000000000000002 /* AppDelegate.swift in Sources */ = {isa = PBXBuildFile; fileRef = A10000020000000000000002; };
		A10000010000000000000003 /* AppState.swift in Sources */ = {isa = PBXBuildFile; fileRef = A10000020000000000000003; };
		A10000010000000000000004 /* AppInfo.swift in Sources */ = {isa = PBXBuildFile; fileRef = A10000020000000000000004; };
		A10000010000000000000005 /* MatchedFile.swift in Sources */ = {isa = PBXBuildFile; fileRef = A10000020000000000000005; };
		A10000010000000000000006 /* ScanResult.swift in Sources */ = {isa = PBXBuildFile; fileRef = A10000020000000000000006; };
		A10000010000000000000007 /* ScanDirectory.swift in Sources */ = {isa = PBXBuildFile; fileRef = A10000020000000000000007; };
		A10000010000000000000008 /* AppDiscoveryService.swift in Sources */ = {isa = PBXBuildFile; fileRef = A10000020000000000000008; };
		A10000010000000000000009 /* FileScanner.swift in Sources */ = {isa = PBXBuildFile; fileRef = A10000020000000000000009; };
		A10000010000000000000010 /* MatchingEngine.swift in Sources */ = {isa = PBXBuildFile; fileRef = A10000020000000000000010; };
		A10000010000000000000011 /* DeletionManager.swift in Sources */ = {isa = PBXBuildFile; fileRef = A10000020000000000000011; };
		A10000010000000000000012 /* RunningAppDetector.swift in Sources */ = {isa = PBXBuildFile; fileRef = A10000020000000000000012; };
		A10000010000000000000013 /* MainView.swift in Sources */ = {isa = PBXBuildFile; fileRef = A10000020000000000000013; };
		A10000010000000000000014 /* ScanResultView.swift in Sources */ = {isa = PBXBuildFile; fileRef = A10000020000000000000014; };
		A10000010000000000000015 /* AppRowView.swift in Sources */ = {isa = PBXBuildFile; fileRef = A10000020000000000000015; };
		A10000010000000000000016 /* DropBanner.swift in Sources */ = {isa = PBXBuildFile; fileRef = A10000020000000000000016; };
		A10000010000000000000017 /* FileRowView.swift in Sources */ = {isa = PBXBuildFile; fileRef = A10000020000000000000017; };
		A10000010000000000000018 /* ConfidenceBadge.swift in Sources */ = {isa = PBXBuildFile; fileRef = A10000020000000000000018; };
		A10000010000000000000019 /* SizeLabel.swift in Sources */ = {isa = PBXBuildFile; fileRef = A10000020000000000000019; };
		A10000010000000000000020 /* Assets.xcassets in Resources */ = {isa = PBXBuildFile; fileRef = A10000020000000000000020; };
		A10000010000000000000021 /* PathSafety.swift in Sources */ = {isa = PBXBuildFile; fileRef = A10000020000000000000023; };
		A10000010000000000000024 /* DirectoryMonitor.swift in Sources */ = {isa = PBXBuildFile; fileRef = A10000020000000000000024; };
		A10000010000000000000025 /* SettingsView.swift in Sources */ = {isa = PBXBuildFile; fileRef = A10000020000000000000025; };
		A10000010000000000000028 /* AppPresentationCoordinator.swift in Sources */ = {isa = PBXBuildFile; fileRef = A10000020000000000000028; };
		A10000010000000000000027 /* UpdateService.swift in Sources */ = {isa = PBXBuildFile; fileRef = A10000020000000000000027; };
		B10000010000000000000001 /* MatchingEngineTests.swift in Sources */ = {isa = PBXBuildFile; fileRef = B10000020000000000000001; };
		B10000010000000000000002 /* AppInfoTests.swift in Sources */ = {isa = PBXBuildFile; fileRef = B10000020000000000000002; };
		B10000010000000000000003 /* PathSafetyTests.swift in Sources */ = {isa = PBXBuildFile; fileRef = B10000020000000000000003; };
		B10000010000000000000004 /* DeletionManagerTests.swift in Sources */ = {isa = PBXBuildFile; fileRef = B10000020000000000000004; };
		B10000010000000000000005 /* AppStateTests.swift in Sources */ = {isa = PBXBuildFile; fileRef = B10000020000000000000005; };
		B10000010000000000000006 /* FileScannerTests.swift in Sources */ = {isa = PBXBuildFile; fileRef = B10000020000000000000006; };
		B10000010000000000000007 /* TestHelpers.swift in Sources */ = {isa = PBXBuildFile; fileRef = B10000020000000000000007; };
/* End PBXBuildFile section */

/* Begin PBXContainerItemProxy section */
		B100000B0000000000000001 /* PBXContainerItemProxy */ = {
			isa = PBXContainerItemProxy;
			containerPortal = A10000090000000000000001 /* Project object */;
			proxyType = 1;
			remoteGlobalIDString = A10000060000000000000001;
			remoteInfo = GarbageTruck;
		};
/* End PBXContainerItemProxy section */

/* Begin PBXFileReference section */
		A10000020000000000000001 /* GarbageTruckApp.swift */ = {isa = PBXFileReference; lastKnownFileType = sourcecode.swift; path = GarbageTruckApp.swift; sourceTree = "<group>"; };
		A10000020000000000000002 /* AppDelegate.swift */ = {isa = PBXFileReference; lastKnownFileType = sourcecode.swift; path = AppDelegate.swift; sourceTree = "<group>"; };
		A10000020000000000000003 /* AppState.swift */ = {isa = PBXFileReference; lastKnownFileType = sourcecode.swift; path = AppState.swift; sourceTree = "<group>"; };
		A10000020000000000000004 /* AppInfo.swift */ = {isa = PBXFileReference; lastKnownFileType = sourcecode.swift; path = AppInfo.swift; sourceTree = "<group>"; };
		A10000020000000000000005 /* MatchedFile.swift */ = {isa = PBXFileReference; lastKnownFileType = sourcecode.swift; path = MatchedFile.swift; sourceTree = "<group>"; };
		A10000020000000000000006 /* ScanResult.swift */ = {isa = PBXFileReference; lastKnownFileType = sourcecode.swift; path = ScanResult.swift; sourceTree = "<group>"; };
		A10000020000000000000007 /* ScanDirectory.swift */ = {isa = PBXFileReference; lastKnownFileType = sourcecode.swift; path = ScanDirectory.swift; sourceTree = "<group>"; };
		A10000020000000000000008 /* AppDiscoveryService.swift */ = {isa = PBXFileReference; lastKnownFileType = sourcecode.swift; path = AppDiscoveryService.swift; sourceTree = "<group>"; };
		A10000020000000000000009 /* FileScanner.swift */ = {isa = PBXFileReference; lastKnownFileType = sourcecode.swift; path = FileScanner.swift; sourceTree = "<group>"; };
		A10000020000000000000010 /* MatchingEngine.swift */ = {isa = PBXFileReference; lastKnownFileType = sourcecode.swift; path = MatchingEngine.swift; sourceTree = "<group>"; };
		A10000020000000000000011 /* DeletionManager.swift */ = {isa = PBXFileReference; lastKnownFileType = sourcecode.swift; path = DeletionManager.swift; sourceTree = "<group>"; };
		A10000020000000000000012 /* RunningAppDetector.swift */ = {isa = PBXFileReference; lastKnownFileType = sourcecode.swift; path = RunningAppDetector.swift; sourceTree = "<group>"; };
		A10000020000000000000013 /* MainView.swift */ = {isa = PBXFileReference; lastKnownFileType = sourcecode.swift; path = MainView.swift; sourceTree = "<group>"; };
		A10000020000000000000014 /* ScanResultView.swift */ = {isa = PBXFileReference; lastKnownFileType = sourcecode.swift; path = ScanResultView.swift; sourceTree = "<group>"; };
		A10000020000000000000015 /* AppRowView.swift */ = {isa = PBXFileReference; lastKnownFileType = sourcecode.swift; path = AppRowView.swift; sourceTree = "<group>"; };
		A10000020000000000000016 /* DropBanner.swift */ = {isa = PBXFileReference; lastKnownFileType = sourcecode.swift; path = DropBanner.swift; sourceTree = "<group>"; };
		A10000020000000000000017 /* FileRowView.swift */ = {isa = PBXFileReference; lastKnownFileType = sourcecode.swift; path = FileRowView.swift; sourceTree = "<group>"; };
		A10000020000000000000018 /* ConfidenceBadge.swift */ = {isa = PBXFileReference; lastKnownFileType = sourcecode.swift; path = ConfidenceBadge.swift; sourceTree = "<group>"; };
		A10000020000000000000019 /* SizeLabel.swift */ = {isa = PBXFileReference; lastKnownFileType = sourcecode.swift; path = SizeLabel.swift; sourceTree = "<group>"; };
		A10000020000000000000020 /* Assets.xcassets */ = {isa = PBXFileReference; lastKnownFileType = folder.assetcatalog; path = Assets.xcassets; sourceTree = "<group>"; };
		A10000020000000000000021 /* Info.plist */ = {isa = PBXFileReference; lastKnownFileType = text.plist.xml; path = Info.plist; sourceTree = "<group>"; };
		A10000020000000000000022 /* GarbageTruck.entitlements */ = {isa = PBXFileReference; lastKnownFileType = text.plist.entitlements; path = GarbageTruck.entitlements; sourceTree = "<group>"; };
		A10000020000000000000023 /* PathSafety.swift */ = {isa = PBXFileReference; lastKnownFileType = sourcecode.swift; path = PathSafety.swift; sourceTree = "<group>"; };
		A10000020000000000000024 /* DirectoryMonitor.swift */ = {isa = PBXFileReference; lastKnownFileType = sourcecode.swift; path = DirectoryMonitor.swift; sourceTree = "<group>"; };
		A10000020000000000000025 /* SettingsView.swift */ = {isa = PBXFileReference; lastKnownFileType = sourcecode.swift; path = SettingsView.swift; sourceTree = "<group>"; };
		A10000020000000000000028 /* AppPresentationCoordinator.swift */ = {isa = PBXFileReference; lastKnownFileType = sourcecode.swift; path = AppPresentationCoordinator.swift; sourceTree = "<group>"; };
		A10000020000000000000027 /* UpdateService.swift */ = {isa = PBXFileReference; lastKnownFileType = sourcecode.swift; path = UpdateService.swift; sourceTree = "<group>"; };
		A10000030000000000000001 /* GarbageTruck.app */ = {isa = PBXFileReference; explicitFileType = wrapper.application; includeInIndex = 0; path = GarbageTruck.app; sourceTree = BUILT_PRODUCTS_DIR; };
		B10000020000000000000001 /* MatchingEngineTests.swift */ = {isa = PBXFileReference; lastKnownFileType = sourcecode.swift; path = MatchingEngineTests.swift; sourceTree = "<group>"; };
		B10000020000000000000002 /* AppInfoTests.swift */ = {isa = PBXFileReference; lastKnownFileType = sourcecode.swift; path = AppInfoTests.swift; sourceTree = "<group>"; };
		B10000020000000000000003 /* PathSafetyTests.swift */ = {isa = PBXFileReference; lastKnownFileType = sourcecode.swift; path = PathSafetyTests.swift; sourceTree = "<group>"; };
		B10000020000000000000004 /* DeletionManagerTests.swift */ = {isa = PBXFileReference; lastKnownFileType = sourcecode.swift; path = DeletionManagerTests.swift; sourceTree = "<group>"; };
		B10000020000000000000005 /* AppStateTests.swift */ = {isa = PBXFileReference; lastKnownFileType = sourcecode.swift; path = AppStateTests.swift; sourceTree = "<group>"; };
		B10000020000000000000006 /* FileScannerTests.swift */ = {isa = PBXFileReference; lastKnownFileType = sourcecode.swift; path = FileScannerTests.swift; sourceTree = "<group>"; };
		B10000020000000000000007 /* TestHelpers.swift */ = {isa = PBXFileReference; lastKnownFileType = sourcecode.swift; path = TestHelpers.swift; sourceTree = "<group>"; };
		B10000030000000000000001 /* GarbageTruckTests.xctest */ = {isa = PBXFileReference; explicitFileType = wrapper.cfbundle; includeInIndex = 0; path = GarbageTruckTests.xctest; sourceTree = BUILT_PRODUCTS_DIR; };
/* End PBXFileReference section */

/* Begin PBXFrameworksBuildPhase section */
		A10000040000000000000001 /* Frameworks */ = {
			isa = PBXFrameworksBuildPhase;
			buildActionMask = 2147483647;
			files = (
			);
			runOnlyForDeploymentPostprocessing = 0;
		};
		B10000040000000000000001 /* Frameworks */ = {
			isa = PBXFrameworksBuildPhase;
			buildActionMask = 2147483647;
			files = (
			);
			runOnlyForDeploymentPostprocessing = 0;
		};
/* End PBXFrameworksBuildPhase section */

/* Begin PBXGroup section */
		A10000050000000000000000 = {
			isa = PBXGroup;
			children = (
				A10000050000000000000001 /* GarbageTruck */,
				B10000050000000000000001 /* GarbageTruckTests */,
				A10000050000000000000099 /* Products */,
			);
			sourceTree = "<group>";
		};
		A10000050000000000000099 /* Products */ = {
			isa = PBXGroup;
			children = (
				A10000030000000000000001 /* GarbageTruck.app */,
				B10000030000000000000001 /* GarbageTruckTests.xctest */,
			);
			name = Products;
			sourceTree = "<group>";
		};
		A10000050000000000000001 /* GarbageTruck */ = {
			isa = PBXGroup;
			children = (
				A10000050000000000000002 /* App */,
				A10000050000000000000003 /* Models */,
				A10000050000000000000004 /* Services */,
				A10000050000000000000005 /* Views */,
				A10000050000000000000006 /* Resources */,
				A10000020000000000000021 /* Info.plist */,
				A10000020000000000000022 /* GarbageTruck.entitlements */,
			);
			path = GarbageTruck;
			sourceTree = "<group>";
		};
		A10000050000000000000002 /* App */ = {
			isa = PBXGroup;
			children = (
				A10000020000000000000001 /* GarbageTruckApp.swift */,
				A10000020000000000000002 /* AppDelegate.swift */,
				A10000020000000000000003 /* AppState.swift */,
				A10000020000000000000028 /* AppPresentationCoordinator.swift */,
			);
			path = App;
			sourceTree = "<group>";
		};
		A10000050000000000000003 /* Models */ = {
			isa = PBXGroup;
			children = (
				A10000020000000000000004 /* AppInfo.swift */,
				A10000020000000000000005 /* MatchedFile.swift */,
				A10000020000000000000006 /* ScanResult.swift */,
				A10000020000000000000007 /* ScanDirectory.swift */,
				A10000020000000000000023 /* PathSafety.swift */,
			);
			path = Models;
			sourceTree = "<group>";
		};
		A10000050000000000000004 /* Services */ = {
			isa = PBXGroup;
			children = (
				A10000020000000000000008 /* AppDiscoveryService.swift */,
				A10000020000000000000009 /* FileScanner.swift */,
				A10000020000000000000010 /* MatchingEngine.swift */,
				A10000020000000000000011 /* DeletionManager.swift */,
				A10000020000000000000012 /* RunningAppDetector.swift */,
				A10000020000000000000024 /* DirectoryMonitor.swift */,
				A10000020000000000000027 /* UpdateService.swift */,
			);
			path = Services;
			sourceTree = "<group>";
		};
		A10000050000000000000005 /* Views */ = {
			isa = PBXGroup;
			children = (
				A10000020000000000000013 /* MainView.swift */,
				A10000020000000000000014 /* ScanResultView.swift */,
				A10000020000000000000015 /* AppRowView.swift */,
				A10000020000000000000025 /* SettingsView.swift */,
				A10000050000000000000007 /* Components */,
			);
			path = Views;
			sourceTree = "<group>";
		};
		A10000050000000000000007 /* Components */ = {
			isa = PBXGroup;
			children = (
				A10000020000000000000016 /* DropBanner.swift */,
				A10000020000000000000017 /* FileRowView.swift */,
				A10000020000000000000018 /* ConfidenceBadge.swift */,
				A10000020000000000000019 /* SizeLabel.swift */,
			);
			path = Components;
			sourceTree = "<group>";
		};
		A10000050000000000000006 /* Resources */ = {
			isa = PBXGroup;
			children = (
				A10000020000000000000020 /* Assets.xcassets */,
			);
			path = Resources;
			sourceTree = "<group>";
		};
		B10000050000000000000001 /* GarbageTruckTests */ = {
			isa = PBXGroup;
			children = (
				B10000020000000000000001 /* MatchingEngineTests.swift */,
				B10000020000000000000002 /* AppInfoTests.swift */,
				B10000020000000000000003 /* PathSafetyTests.swift */,
				B10000020000000000000004 /* DeletionManagerTests.swift */,
				B10000020000000000000005 /* AppStateTests.swift */,
				B10000020000000000000006 /* FileScannerTests.swift */,
				B10000020000000000000007 /* TestHelpers.swift */,
			);
			path = GarbageTruckTests;
			sourceTree = "<group>";
		};
/* End PBXGroup section */

/* Begin PBXNativeTarget section */
		A10000060000000000000001 /* GarbageTruck */ = {
			isa = PBXNativeTarget;
			buildConfigurationList = A10000080000000000000001 /* Build configuration list for PBXNativeTarget "GarbageTruck" */;
			buildPhases = (
				A10000070000000000000001 /* Sources */,
				A10000040000000000000001 /* Frameworks */,
				A10000070000000000000002 /* Resources */,
			);
			buildRules = (
			);
			dependencies = (
			);
			name = GarbageTruck;
			productName = GarbageTruck;
			productReference = A10000030000000000000001 /* GarbageTruck.app */;
			productType = "com.apple.product-type.application";
		};
		B10000060000000000000001 /* GarbageTruckTests */ = {
			isa = PBXNativeTarget;
			buildConfigurationList = B10000080000000000000001 /* Build configuration list for PBXNativeTarget "GarbageTruckTests" */;
			buildPhases = (
				B10000070000000000000001 /* Sources */,
				B10000040000000000000001 /* Frameworks */,
			);
			buildRules = (
			);
			dependencies = (
				B100000C0000000000000001 /* PBXTargetDependency */,
			);
			name = GarbageTruckTests;
			productName = GarbageTruckTests;
			productReference = B10000030000000000000001 /* GarbageTruckTests.xctest */;
			productType = "com.apple.product-type.bundle.unit-test";
		};
/* End PBXNativeTarget section */

/* Begin PBXProject section */
		A10000090000000000000001 /* Project object */ = {
			isa = PBXProject;
			attributes = {
				BuildIndependentTargetsInParallel = 1;
				LastSwiftUpdateCheck = 1600;
				LastUpgradeCheck = 1600;
				TargetAttributes = {
					A10000060000000000000001 = {
						CreatedOnToolsVersion = 16.0;
					};
					B10000060000000000000001 = {
						CreatedOnToolsVersion = 16.0;
						TestTargetID = A10000060000000000000001;
					};
				};
			};
			buildConfigurationList = A10000080000000000000002 /* Build configuration list for PBXProject "GarbageTruck" */;
			compatibilityVersion = "Xcode 14.0";
			developmentRegion = en;
			hasScannedForEncodings = 0;
			knownRegions = (
				en,
				Base,
			);
			mainGroup = A10000050000000000000000;
			productRefGroup = A10000050000000000000099 /* Products */;
			projectDirPath = "";
			projectRoot = "";
			targets = (
				A10000060000000000000001 /* GarbageTruck */,
				B10000060000000000000001 /* GarbageTruckTests */,
			);
		};
/* End PBXProject section */

/* Begin PBXResourcesBuildPhase section */
		A10000070000000000000002 /* Resources */ = {
			isa = PBXResourcesBuildPhase;
			buildActionMask = 2147483647;
			files = (
				A10000010000000000000020 /* Assets.xcassets in Resources */,
			);
			runOnlyForDeploymentPostprocessing = 0;
		};
/* End PBXResourcesBuildPhase section */

/* Begin PBXSourcesBuildPhase section */
		A10000070000000000000001 /* Sources */ = {
			isa = PBXSourcesBuildPhase;
			buildActionMask = 2147483647;
			files = (
				A10000010000000000000001 /* GarbageTruckApp.swift in Sources */,
				A10000010000000000000002 /* AppDelegate.swift in Sources */,
				A10000010000000000000003 /* AppState.swift in Sources */,
				A10000010000000000000004 /* AppInfo.swift in Sources */,
				A10000010000000000000005 /* MatchedFile.swift in Sources */,
				A10000010000000000000006 /* ScanResult.swift in Sources */,
				A10000010000000000000007 /* ScanDirectory.swift in Sources */,
				A10000010000000000000008 /* AppDiscoveryService.swift in Sources */,
				A10000010000000000000009 /* FileScanner.swift in Sources */,
				A10000010000000000000010 /* MatchingEngine.swift in Sources */,
				A10000010000000000000011 /* DeletionManager.swift in Sources */,
				A10000010000000000000012 /* RunningAppDetector.swift in Sources */,
				A10000010000000000000013 /* MainView.swift in Sources */,
				A10000010000000000000014 /* ScanResultView.swift in Sources */,
				A10000010000000000000015 /* AppRowView.swift in Sources */,
				A10000010000000000000016 /* DropBanner.swift in Sources */,
				A10000010000000000000017 /* FileRowView.swift in Sources */,
				A10000010000000000000018 /* ConfidenceBadge.swift in Sources */,
				A10000010000000000000019 /* SizeLabel.swift in Sources */,
				A10000010000000000000021 /* PathSafety.swift in Sources */,
				A10000010000000000000024 /* DirectoryMonitor.swift in Sources */,
				A10000010000000000000025 /* SettingsView.swift in Sources */,
				A10000010000000000000028 /* AppPresentationCoordinator.swift in Sources */,
				A10000010000000000000027 /* UpdateService.swift in Sources */,
			);
			runOnlyForDeploymentPostprocessing = 0;
		};
		B10000070000000000000001 /* Sources */ = {
			isa = PBXSourcesBuildPhase;
			buildActionMask = 2147483647;
			files = (
				B10000010000000000000001 /* MatchingEngineTests.swift in Sources */,
				B10000010000000000000002 /* AppInfoTests.swift in Sources */,
				B10000010000000000000003 /* PathSafetyTests.swift in Sources */,
				B10000010000000000000004 /* DeletionManagerTests.swift in Sources */,
				B10000010000000000000005 /* AppStateTests.swift in Sources */,
				B10000010000000000000006 /* FileScannerTests.swift in Sources */,
				B10000010000000000000007 /* TestHelpers.swift in Sources */,
			);
			runOnlyForDeploymentPostprocessing = 0;
		};
/* End PBXSourcesBuildPhase section */

/* Begin PBXTargetDependency section */
		B100000C0000000000000001 /* PBXTargetDependency */ = {
			isa = PBXTargetDependency;
			target = A10000060000000000000001 /* GarbageTruck */;
			targetProxy = B100000B0000000000000001 /* PBXContainerItemProxy */;
		};
/* End PBXTargetDependency section */

/* Begin XCBuildConfiguration section */
		A100000A0000000000000001 /* Debug */ = {
			isa = XCBuildConfiguration;
			buildSettings = {
				ALWAYS_SEARCH_USER_PATHS = NO;
				ASSETCATALOG_COMPILER_GENERATE_SWIFT_ASSET_SYMBOL_EXTENSIONS = YES;
				CLANG_ANALYZER_NONNULL = YES;
				CLANG_ANALYZER_NUMBER_OBJECT_CONVERSION = YES_AGGRESSIVE;
				CLANG_CXX_LANGUAGE_STANDARD = "gnu++20";
				CLANG_ENABLE_MODULES = YES;
				CLANG_ENABLE_OBJC_ARC = YES;
				CLANG_ENABLE_OBJC_WEAK = YES;
				CLANG_WARN_BLOCK_CAPTURE_AUTORELEASING = YES;
				CLANG_WARN_BOOL_CONVERSION = YES;
				CLANG_WARN_COMMA = YES;
				CLANG_WARN_CONSTANT_CONVERSION = YES;
				CLANG_WARN_DEPRECATED_OBJC_IMPLEMENTATIONS = YES;
				CLANG_WARN_DIRECT_OBJC_ISA_USAGE = YES_ERROR;
				CLANG_WARN_DOCUMENTATION_COMMENTS = YES;
				CLANG_WARN_EMPTY_BODY = YES;
				CLANG_WARN_ENUM_CONVERSION = YES;
				CLANG_WARN_INFINITE_RECURSION = YES;
				CLANG_WARN_INT_CONVERSION = YES;
				CLANG_WARN_NON_LITERAL_NULL_CONVERSION = YES;
				CLANG_WARN_OBJC_IMPLICIT_RETAIN_SELF = YES;
				CLANG_WARN_OBJC_LITERAL_CONVERSION = YES;
				CLANG_WARN_OBJC_ROOT_CLASS = YES_ERROR;
				CLANG_WARN_QUOTED_INCLUDE_IN_FRAMEWORK_HEADER = YES;
				CLANG_WARN_RANGE_LOOP_ANALYSIS = YES;
				CLANG_WARN_STRICT_PROTOTYPES = YES;
				CLANG_WARN_SUSPICIOUS_MOVE = YES;
				CLANG_WARN_UNGUARDED_AVAILABILITY = YES_AGGRESSIVE;
				CLANG_WARN_UNREACHABLE_CODE = YES;
				CLANG_WARN__DUPLICATE_METHOD_MATCH = YES;
				COPY_PHASE_STRIP = NO;
				DEBUG_INFORMATION_FORMAT = dwarf;
				ENABLE_STRICT_OBJC_MSGSEND = YES;
				ENABLE_TESTABILITY = YES;
				ENABLE_USER_SCRIPT_SANDBOXING = YES;
				GCC_C_LANGUAGE_STANDARD = gnu17;
				GCC_DYNAMIC_NO_PIC = NO;
				GCC_NO_COMMON_BLOCKS = YES;
				GCC_OPTIMIZATION_LEVEL = 0;
				GCC_PREPROCESSOR_DEFINITIONS = (
					"DEBUG=1",
					"$(inherited)",
				);
				GCC_WARN_64_TO_32_BIT_CONVERSION = YES;
				GCC_WARN_ABOUT_RETURN_TYPE = YES_ERROR;
				GCC_WARN_UNDECLARED_SELECTOR = YES;
				GCC_WARN_UNINITIALIZED_AUTOS = YES_AGGRESSIVE;
				GCC_WARN_UNUSED_FUNCTION = YES;
				GCC_WARN_UNUSED_VARIABLE = YES;
				MACOSX_DEPLOYMENT_TARGET = 15.0;
				MTL_ENABLE_DEBUG_INFO = INCLUDE_SOURCE;
				MTL_FAST_MATH = YES;
				ONLY_ACTIVE_ARCH = YES;
				SDKROOT = macosx;
				SWIFT_ACTIVE_COMPILATION_CONDITIONS = "DEBUG $(inherited)";
				SWIFT_OPTIMIZATION_LEVEL = "-Onone";
				SWIFT_VERSION = 6.0;
			};
			name = Debug;
		};
		A100000A0000000000000002 /* Release */ = {
			isa = XCBuildConfiguration;
			buildSettings = {
				ALWAYS_SEARCH_USER_PATHS = NO;
				ASSETCATALOG_COMPILER_GENERATE_SWIFT_ASSET_SYMBOL_EXTENSIONS = YES;
				CLANG_ANALYZER_NONNULL = YES;
				CLANG_ANALYZER_NUMBER_OBJECT_CONVERSION = YES_AGGRESSIVE;
				CLANG_CXX_LANGUAGE_STANDARD = "gnu++20";
				CLANG_ENABLE_MODULES = YES;
				CLANG_ENABLE_OBJC_ARC = YES;
				CLANG_ENABLE_OBJC_WEAK = YES;
				CLANG_WARN_BLOCK_CAPTURE_AUTORELEASING = YES;
				CLANG_WARN_BOOL_CONVERSION = YES;
				CLANG_WARN_COMMA = YES;
				CLANG_WARN_CONSTANT_CONVERSION = YES;
				CLANG_WARN_DEPRECATED_OBJC_IMPLEMENTATIONS = YES;
				CLANG_WARN_DIRECT_OBJC_ISA_USAGE = YES_ERROR;
				CLANG_WARN_DOCUMENTATION_COMMENTS = YES;
				CLANG_WARN_EMPTY_BODY = YES;
				CLANG_WARN_ENUM_CONVERSION = YES;
				CLANG_WARN_INFINITE_RECURSION = YES;
				CLANG_WARN_INT_CONVERSION = YES;
				CLANG_WARN_NON_LITERAL_NULL_CONVERSION = YES;
				CLANG_WARN_OBJC_IMPLICIT_RETAIN_SELF = YES;
				CLANG_WARN_OBJC_LITERAL_CONVERSION = YES;
				CLANG_WARN_OBJC_ROOT_CLASS = YES_ERROR;
				CLANG_WARN_QUOTED_INCLUDE_IN_FRAMEWORK_HEADER = YES;
				CLANG_WARN_RANGE_LOOP_ANALYSIS = YES;
				CLANG_WARN_STRICT_PROTOTYPES = YES;
				CLANG_WARN_SUSPICIOUS_MOVE = YES;
				CLANG_WARN_UNGUARDED_AVAILABILITY = YES_AGGRESSIVE;
				CLANG_WARN_UNREACHABLE_CODE = YES;
				CLANG_WARN__DUPLICATE_METHOD_MATCH = YES;
				COPY_PHASE_STRIP = NO;
				DEBUG_INFORMATION_FORMAT = "dwarf-with-dsym";
				ENABLE_NS_ASSERTIONS = NO;
				ENABLE_STRICT_OBJC_MSGSEND = YES;
				ENABLE_USER_SCRIPT_SANDBOXING = YES;
				GCC_C_LANGUAGE_STANDARD = gnu17;
				GCC_NO_COMMON_BLOCKS = YES;
				GCC_WARN_64_TO_32_BIT_CONVERSION = YES;
				GCC_WARN_ABOUT_RETURN_TYPE = YES_ERROR;
				GCC_WARN_UNDECLARED_SELECTOR = YES;
				GCC_WARN_UNINITIALIZED_AUTOS = YES_AGGRESSIVE;
				GCC_WARN_UNUSED_FUNCTION = YES;
				GCC_WARN_UNUSED_VARIABLE = YES;
				MACOSX_DEPLOYMENT_TARGET = 15.0;
				MTL_ENABLE_DEBUG_INFO = NO;
				MTL_FAST_MATH = YES;
				SDKROOT = macosx;
				SWIFT_COMPILATION_MODE = wholemodule;
				SWIFT_VERSION = 6.0;
			};
			name = Release;
		};
		A100000A0000000000000003 /* Debug */ = {
			isa = XCBuildConfiguration;
			buildSettings = {
				ASSETCATALOG_COMPILER_APPICON_NAME = AppIcon;
				ASSETCATALOG_COMPILER_GLOBAL_ACCENT_COLOR_NAME = AccentColor;
				CODE_SIGN_ENTITLEMENTS = GarbageTruck/GarbageTruck.entitlements;
				CODE_SIGN_STYLE = Automatic;
				COMBINE_HIDPI_IMAGES = YES;
				CURRENT_PROJECT_VERSION = 5;
				DEVELOPMENT_TEAM = "";
				ENABLE_HARDENED_RUNTIME = YES;
				GENERATE_INFOPLIST_FILE = YES;
				INFOPLIST_FILE = GarbageTruck/Info.plist;
				INFOPLIST_KEY_CFBundleDisplayName = "Garbage Truck";
				INFOPLIST_KEY_LSApplicationCategoryType = "public.app-category.utilities";
				INFOPLIST_KEY_NSHumanReadableCopyright = "";
				LD_RUNPATH_SEARCH_PATHS = (
					"$(inherited)",
					"@executable_path/../Frameworks",
				);
				MARKETING_VERSION = 0.1.6;
				PRODUCT_BUNDLE_IDENTIFIER = com.garbagetruck.app;
				PRODUCT_NAME = "$(TARGET_NAME)";
				SWIFT_EMIT_LOC_STRINGS = YES;
				SWIFT_STRICT_CONCURRENCY = complete;
				SWIFT_VERSION = 6.0;
			};
			name = Debug;
		};
		A100000A0000000000000004 /* Release */ = {
			isa = XCBuildConfiguration;
			buildSettings = {
				ASSETCATALOG_COMPILER_APPICON_NAME = AppIcon;
				ASSETCATALOG_COMPILER_GLOBAL_ACCENT_COLOR_NAME = AccentColor;
				CODE_SIGN_ENTITLEMENTS = GarbageTruck/GarbageTruck.entitlements;
				CODE_SIGN_STYLE = Automatic;
				COMBINE_HIDPI_IMAGES = YES;
				CURRENT_PROJECT_VERSION = 5;
				DEVELOPMENT_TEAM = "";
				ENABLE_HARDENED_RUNTIME = YES;
				GENERATE_INFOPLIST_FILE = YES;
				INFOPLIST_FILE = GarbageTruck/Info.plist;
				INFOPLIST_KEY_CFBundleDisplayName = "Garbage Truck";
				INFOPLIST_KEY_LSApplicationCategoryType = "public.app-category.utilities";
				INFOPLIST_KEY_NSHumanReadableCopyright = "";
				LD_RUNPATH_SEARCH_PATHS = (
					"$(inherited)",
					"@executable_path/../Frameworks",
				);
				MARKETING_VERSION = 0.1.6;
				PRODUCT_BUNDLE_IDENTIFIER = com.garbagetruck.app;
				PRODUCT_NAME = "$(TARGET_NAME)";
				SWIFT_EMIT_LOC_STRINGS = YES;
				SWIFT_STRICT_CONCURRENCY = complete;
				SWIFT_VERSION = 6.0;
			};
			name = Release;
		};
		B100000A0000000000000001 /* Debug */ = {
			isa = XCBuildConfiguration;
			buildSettings = {
				BUNDLE_LOADER = "$(TEST_HOST)";
				CODE_SIGN_STYLE = Automatic;
				CURRENT_PROJECT_VERSION = 1;
				GENERATE_INFOPLIST_FILE = YES;
				MARKETING_VERSION = 1.0;
				PRODUCT_BUNDLE_IDENTIFIER = com.garbagetruck.tests;
				PRODUCT_NAME = "$(TARGET_NAME)";
				SWIFT_EMIT_LOC_STRINGS = NO;
				SWIFT_STRICT_CONCURRENCY = complete;
				SWIFT_VERSION = 6.0;
				TEST_HOST = "$(BUILT_PRODUCTS_DIR)/GarbageTruck.app/Contents/MacOS/GarbageTruck";
			};
			name = Debug;
		};
		B100000A0000000000000002 /* Release */ = {
			isa = XCBuildConfiguration;
			buildSettings = {
				BUNDLE_LOADER = "$(TEST_HOST)";
				CODE_SIGN_STYLE = Automatic;
				CURRENT_PROJECT_VERSION = 1;
				GENERATE_INFOPLIST_FILE = YES;
				MARKETING_VERSION = 1.0;
				PRODUCT_BUNDLE_IDENTIFIER = com.garbagetruck.tests;
				PRODUCT_NAME = "$(TARGET_NAME)";
				SWIFT_EMIT_LOC_STRINGS = NO;
				SWIFT_STRICT_CONCURRENCY = complete;
				SWIFT_VERSION = 6.0;
				TEST_HOST = "$(BUILT_PRODUCTS_DIR)/GarbageTruck.app/Contents/MacOS/GarbageTruck";
			};
			name = Release;
		};
/* End XCBuildConfiguration section */

/* Begin XCConfigurationList section */
		A10000080000000000000001 /* Build configuration list for PBXNativeTarget "GarbageTruck" */ = {
			isa = XCConfigurationList;
			buildConfigurations = (
				A100000A0000000000000003 /* Debug */,
				A100000A0000000000000004 /* Release */,
			);
			defaultConfigurationIsVisible = 0;
			defaultConfigurationName = Release;
		};
		A10000080000000000000002 /* Build configuration list for PBXProject "GarbageTruck" */ = {
			isa = XCConfigurationList;
			buildConfigurations = (
				A100000A0000000000000001 /* Debug */,
				A100000A0000000000000002 /* Release */,
			);
			defaultConfigurationIsVisible = 0;
			defaultConfigurationName = Release;
		};
		B10000080000000000000001 /* Build configuration list for PBXNativeTarget "GarbageTruckTests" */ = {
			isa = XCConfigurationList;
			buildConfigurations = (
				B100000A0000000000000001 /* Debug */,
				B100000A0000000000000002 /* Release */,
			);
			defaultConfigurationIsVisible = 0;
			defaultConfigurationName = Release;
		};
/* End XCConfigurationList section */

	};
	rootObject = A10000090000000000000001 /* Project object */;
}
